dependencies:
- name: cert-manager
  repository: https://charts.jetstack.io
  version: v1.17.1
- name: trust-manager
  repository: https://charts.jetstack.io
  version: v0.13.0
digest: sha256:adeda63e1b10eb28a8ab22697ca91f0e063c5bbb278391443c30bce0301a7765
generated: "2026-05-16T16:41:46.848923469+02:00"
